
Microsoft Visual Studio Solution File, Format Version 12.00
# Visual Studio Version 17
VisualStudioVersion = 17.11.35219.272
MinimumVisualStudioVersion = 10.0.40219.1
Project("{8BC9CEB8-8B4A-11D0-8D11-00A0C91BC942}") = "Project7", "Project7.vcxproj", "{24411A0C-9855-4EEE-9ED4-CD50CD560023}"
EndProject
Global
	GlobalSection(SolutionConfigurationPlatforms) = preSolution
		Debug|x64 = Debug|x64
		Debug|x86 = Debug|x86
		Release|x64 = Release|x64
		Release|x86 = Release|x86
	EndGlobalSection
	GlobalSection(ProjectConfigurationPlatforms) = postSolution
		{24411A0C-9855-4EEE-9ED4-CD50CD560023}.Debug|x64.ActiveCfg = Debug|x64
		{24411A0C-9855-4EEE-9ED4-CD50CD560023}.Debug|x64.Build.0 = Debug|x64
		{24411A0C-9855-4EEE-9ED4-CD50CD560023}.Debug|x86.ActiveCfg = Debug|Win32
		{24411A0C-9855-4EEE-9ED4-CD50CD560023}.Debug|x86.Build.0 = Debug|Win32
		{24411A0C-9855-4EEE-9ED4-CD50CD560023}.Release|x64.ActiveCfg = Release|x64
		{24411A0C-9855-4EEE-9ED4-CD50CD560023}.Release|x64.Build.0 = Release|x64
		{24411A0C-9855-4EEE-9ED4-CD50CD560023}.Release|x86.ActiveCfg = Release|Win32
		{24411A0C-9855-4EEE-9ED4-CD50CD560023}.Release|x86.Build.0 = Release|Win32
	EndGlobalSection
	GlobalSection(SolutionProperties) = preSolution
		HideSolutionNode = FALSE
	EndGlobalSection
	GlobalSection(ExtensibilityGlobals) = postSolution
		SolutionGuid = {345B571E-3F51-41C7-9030-4008861D141F}
	EndGlobalSection
EndGlobal
